
Microsoft Visual Studio Solution File, Format Version 12.00
# Visual Studio Version 17
VisualStudioVersion = 17.0.31903.59
MinimumVisualStudioVersion = 10.0.40219.1
Project("{2150E333-8FDC-42A3-9474-1A3956D46DE8}") = "SEMANA#1", "SEMANA#1", "{DB822817-107C-4A78-B2C7-476F902A99C9}"
EndProject
Project("{2150E333-8FDC-42A3-9474-1A3956D46DE8}") = "TA", "TA", "{00367624-8E45-4D94-B9A1-88715059C56F}"
EndProject
Project("{2150E333-8FDC-42A3-9474-1A3956D46DE8}") = "DOTNET Project", "DOTNET Project", "{AB3D7D14-973D-42E6-9432-BFF69F069CD9}"
EndProject
Project("{FAE04EC0-301F-11D3-BF4B-00C04F79EFBC}") = "helloWorldwith.NET", "SEMANA#1\TA\DOTNET Project\helloWorldwith.NET\helloWorldwith.NET.csproj", "{16D272B3-03D5-4107-9BBF-945BA35A73C1}"
EndProject
Global
	GlobalSection(SolutionConfigurationPlatforms) = preSolution
		Debug|Any CPU = Debug|Any CPU
		Release|Any CPU = Release|Any CPU
	EndGlobalSection
	GlobalSection(SolutionProperties) = preSolution
		HideSolutionNode = FALSE
	EndGlobalSection
	GlobalSection(ProjectConfigurationPlatforms) = postSolution
		{16D272B3-03D5-4107-9BBF-945BA35A73C1}.Debug|Any CPU.ActiveCfg = Debug|Any CPU
		{16D272B3-03D5-4107-9BBF-945BA35A73C1}.Debug|Any CPU.Build.0 = Debug|Any CPU
		{16D272B3-03D5-4107-9BBF-945BA35A73C1}.Release|Any CPU.ActiveCfg = Release|Any CPU
		{16D272B3-03D5-4107-9BBF-945BA35A73C1}.Release|Any CPU.Build.0 = Release|Any CPU
	EndGlobalSection
	GlobalSection(NestedProjects) = preSolution
		{00367624-8E45-4D94-B9A1-88715059C56F} = {DB822817-107C-4A78-B2C7-476F902A99C9}
		{AB3D7D14-973D-42E6-9432-BFF69F069CD9} = {00367624-8E45-4D94-B9A1-88715059C56F}
		{16D272B3-03D5-4107-9BBF-945BA35A73C1} = {AB3D7D14-973D-42E6-9432-BFF69F069CD9}
	EndGlobalSection
EndGlobal
